# This file is automatically @generated by Cargo.
# It is not intended for manual editing.
[[package]]
name = "cc"
version = "1.0.36"
source = "registry+https://github.com/rust-lang/crates.io-index"

[[package]]
name = "cmake"
version = "0.1.38"
source = "registry+https://github.com/rust-lang/crates.io-index"
dependencies = [
 "cc 1.0.36 (registry+https://github.com/rust-lang/crates.io-index)",
]

[[package]]
name = "rust-decklink"
version = "0.1.0"
dependencies = [
 "cmake 0.1.38 (registry+https://github.com/rust-lang/crates.io-index)",
]

[metadata]
"checksum cc 1.0.36 (registry+https://github.com/rust-lang/crates.io-index)" = "a0c56216487bb80eec9c4516337b2588a4f2a2290d72a1416d930e4dcdb0c90d"
"checksum cmake 0.1.38 (registry+https://github.com/rust-lang/crates.io-index)" = "96210eec534fc3fbfc0452a63769424eaa80205fda6cea98e5b61cb3d97bcec8"
